
Microsoft Visual Studio Solution File, Format Version 12.00
# Visual Studio Version 16
VisualStudioVersion = 16.0.30621.155
MinimumVisualStudioVersion = 10.0.40219.1
Project("{8BC9CEB8-8B4A-11D0-8D11-00A0C91BC942}") = "Chapter3_8", "TBCpp_Practice\TBCpp_Practice.vcxproj", "{3EBB8FC0-4870-4DC5-8F6C-9C9C3F922D3F}"
EndProject
Project("{8BC9CEB8-8B4A-11D0-8D11-00A0C91BC942}") = "Chapter3_9", "Chapter3_9\Chapter3_9.vcxproj", "{189E8C49-5017-40D8-9D31-80C9BD7439FE}"
EndProject
Project("{8BC9CEB8-8B4A-11D0-8D11-00A0C91BC942}") = "Chapter4_1", "Chapter4_1\Chapter4_1.vcxproj", "{F7C7C4E0-EFD8-492E-8A5C-19AC76D7514C}"
EndProject
Project("{8BC9CEB8-8B4A-11D0-8D11-00A0C91BC942}") = "Chapter4_2", "Chapter4_2\Chapter4_2.vcxproj", "{7FA60A7E-FC44-4E69-BAFE-7E946EFF9F2D}"
EndProject
Project("{8BC9CEB8-8B4A-11D0-8D11-00A0C91BC942}") = "Chapter4_4", "Chapter4_4\Chapter4_4.vcxproj", "{033004EC-6819-4249-885C-55E72A9CA0EB}"
EndProject
Project("{8BC9CEB8-8B4A-11D0-8D11-00A0C91BC942}") = "Chapter4_5", "Chapter4_5\Chapter4_5.vcxproj", "{B3BA6F28-B88B-4FCF-BF7A-2349974B8984}"
EndProject
Project("{8BC9CEB8-8B4A-11D0-8D11-00A0C91BC942}") = "Chapter4_6", "Chapter4_6\Chapter4_6.vcxproj", "{54617E4A-2FE4-49D1-9CF9-0D3766C0B37E}"
EndProject
Project("{8BC9CEB8-8B4A-11D0-8D11-00A0C91BC942}") = "Chapter4_7", "Chapter4_7\Chapter4_7.vcxproj", "{F9624D02-9537-4F58-8849-07C26178E121}"
EndProject
Project("{8BC9CEB8-8B4A-11D0-8D11-00A0C91BC942}") = "Chapter4_8", "Chapter4_8\Chapter4_8.vcxproj", "{DAF6E9FF-343C-4CDD-89B7-3EFDB869FFED}"
EndProject
Project("{8BC9CEB8-8B4A-11D0-8D11-00A0C91BC942}") = "Chapter4_9", "Chapter4_9\Chapter4_9.vcxproj", "{C0143335-BD38-402A-9CCA-683B37A7CD27}"
EndProject
Project("{8BC9CEB8-8B4A-11D0-8D11-00A0C91BC942}") = "Chapter4_10", "Chapter4_10\Chapter4_10.vcxproj", "{A716F6D9-C968-4F34-B8EC-1ED1232C8201}"
EndProject
Project("{8BC9CEB8-8B4A-11D0-8D11-00A0C91BC942}") = "Chapter5_1", "Chapter5_1\Chapter5_1.vcxproj", "{7EA0D8D0-BEE1-4A73-88AE-E69E375D430E}"
EndProject
Project("{8BC9CEB8-8B4A-11D0-8D11-00A0C91BC942}") = "Chapter5_2", "Chapter5_2\Chapter5_2.vcxproj", "{ACA8773B-2DE1-443B-B7EE-2C8E31D3D36A}"
EndProject
Project("{8BC9CEB8-8B4A-11D0-8D11-00A0C91BC942}") = "Chapter5_10", "Chapter5_10\Chapter5_10.vcxproj", "{C8D086A8-DFC3-466F-8958-FC43FD0B14FA}"
EndProject
Project("{8BC9CEB8-8B4A-11D0-8D11-00A0C91BC942}") = "Chapter6_4", "Chapter6_4\Chapter6_4.vcxproj", "{59184245-C5BF-41E4-B44E-D2DA3B2C8B1A}"
EndProject
Project("{8BC9CEB8-8B4A-11D0-8D11-00A0C91BC942}") = "Chapter6_5", "Chapter6_5\Chapter6_5.vcxproj", "{F76F4395-AACA-43DF-8B06-F8B737249496}"
EndProject
Project("{8BC9CEB8-8B4A-11D0-8D11-00A0C91BC942}") = "Chapter6_6", "Chapter6_6\Chapter6_6.vcxproj", "{7D480CE1-FFED-4836-A854-E704F1ED8C86}"
EndProject
Project("{8BC9CEB8-8B4A-11D0-8D11-00A0C91BC942}") = "Chapter6_7", "Chapter6_7\Chapter6_7.vcxproj", "{F035C99A-8DAF-4722-A90E-A44AD777CC56}"
EndProject
Project("{8BC9CEB8-8B4A-11D0-8D11-00A0C91BC942}") = "Chapter6_8", "Chapter6_8\Chapter6_8.vcxproj", "{DBD1E54E-9EE6-4258-B7DD-ED2CB4171487}"
EndProject
Project("{8BC9CEB8-8B4A-11D0-8D11-00A0C91BC942}") = "Chapter6_9", "Chapter6_9\Chapter6_9.vcxproj", "{5BF95E8D-9C0B-4314-9467-83FC394564C1}"
EndProject
Project("{8BC9CEB8-8B4A-11D0-8D11-00A0C91BC942}") = "Chapter6_10", "Chapter6_10\Chapter6_10.vcxproj", "{34021E47-47EB-4BE5-9F03-876626C1BB5E}"
EndProject
Project("{8BC9CEB8-8B4A-11D0-8D11-00A0C91BC942}") = "Chapter6_11", "Chapter6_11\Chapter6_11.vcxproj", "{E82B939C-8ECC-4B8F-8B28-B89A43E0E159}"
EndProject
Project("{8BC9CEB8-8B4A-11D0-8D11-00A0C91BC942}") = "Chapter6_12", "Chapter6_12\Chapter6_12.vcxproj", "{215FF539-59C0-4614-B2F9-CF06021C4736}"
EndProject
Project("{8BC9CEB8-8B4A-11D0-8D11-00A0C91BC942}") = "Chapter6_13", "Chapter6_13\Chapter6_13.vcxproj", "{1B187CFE-42F5-446F-832C-3D04EBD5D9C5}"
EndProject
Project("{8BC9CEB8-8B4A-11D0-8D11-00A0C91BC942}") = "Chapter6_14", "Chapter6_14\Chapter6_14.vcxproj", "{D8DC1773-A49D-42CD-B433-06A92FE4D1BD}"
EndProject
Project("{8BC9CEB8-8B4A-11D0-8D11-00A0C91BC942}") = "Chapter6_19", "Chapter6_19\Chapter6_19.vcxproj", "{7F63A8B1-9BAD-4BD1-8810-1892610BCEF0}"
EndProject
Project("{8BC9CEB8-8B4A-11D0-8D11-00A0C91BC942}") = "Chapter6_20", "Chapter6_20\Chapter6_20.vcxproj", "{78F12830-F8A3-4562-9763-B8DF39BBF546}"
EndProject
Project("{8BC9CEB8-8B4A-11D0-8D11-00A0C91BC942}") = "Chapter6_21", "Chapter6_21\Chapter6_21.vcxproj", "{AD95D195-7EF3-465D-B37F-9E00AC48EEF9}"
EndProject
Project("{2150E333-8FDC-42A3-9474-1A3956D46DE8}") = "Chapter3", "Chapter3", "{DF08C378-0323-4DE7-9443-7CC4D612B7A4}"
EndProject
Project("{2150E333-8FDC-42A3-9474-1A3956D46DE8}") = "Chapter4", "Chapter4", "{6FDF276D-6AB9-4479-AB8C-7BC9EFEFBC22}"
EndProject
Project("{2150E333-8FDC-42A3-9474-1A3956D46DE8}") = "Chapter5", "Chapter5", "{7CBA08B9-56BE-40EE-8108-D0EB54F32F5D}"
EndProject
Project("{2150E333-8FDC-42A3-9474-1A3956D46DE8}") = "Chapter6", "Chapter6", "{CE11E71A-62B8-42CD-B820-D06C66C4A8F1}"
EndProject
Project("{2150E333-8FDC-42A3-9474-1A3956D46DE8}") = "Chapter7", "Chapter7", "{F4C312ED-559A-4E05-AF7B-82124FC0D54E}"
EndProject
Project("{8BC9CEB8-8B4A-11D0-8D11-00A0C91BC942}") = "Chapter7_01", "Chapter7_01\Chapter7_01.vcxproj", "{884CB36A-801F-454B-ABCA-A09BC7FE6E36}"
EndProject
Project("{8BC9CEB8-8B4A-11D0-8D11-00A0C91BC942}") = "Chapter7_02", "Chapter7_02\Chapter7_02.vcxproj", "{97C485CE-7EDA-49A8-AB14-0F6253CF7227}"
EndProject
Project("{8BC9CEB8-8B4A-11D0-8D11-00A0C91BC942}") = "Chapter7_03", "Chapter7_3\Chapter7_3.vcxproj", "{3248D7E4-45B3-4863-93A1-DBC351D7A97E}"
EndProject
Project("{8BC9CEB8-8B4A-11D0-8D11-00A0C91BC942}") = "Chapter7_04", "Chatper7_4\Chatper7_4.vcxproj", "{7B9ACDEE-07B7-49F6-93D5-E2A9B4A5DB06}"
EndProject
Project("{8BC9CEB8-8B4A-11D0-8D11-00A0C91BC942}") = "Chapter7_05", "Chapter7_05\Chapter7_05.vcxproj", "{1155FA1A-2BB6-42B2-B101-1FD72362A789}"
EndProject
Project("{8BC9CEB8-8B4A-11D0-8D11-00A0C91BC942}") = "Chapter7_06", "Chapter7_06\Chapter7_06.vcxproj", "{DD048505-918B-43F9-A981-8B08018E56A2}"
EndProject
Project("{8BC9CEB8-8B4A-11D0-8D11-00A0C91BC942}") = "Chapter7_07", "Chapter7_07\Chapter7_07.vcxproj", "{D1A1C8AB-B3F0-4CCC-818A-C14E418713AD}"
EndProject
Project("{8BC9CEB8-8B4A-11D0-8D11-00A0C91BC942}") = "Chapter7_08", "Chapter7_08\Chapter7_08.vcxproj", "{40528311-9454-494E-8098-77BBB3E7727F}"
EndProject
Project("{8BC9CEB8-8B4A-11D0-8D11-00A0C91BC942}") = "Chapter7_09", "Chapter7_09\Chapter7_09.vcxproj", "{0EFB5F88-BD86-4E3B-B26E-01481A074F92}"
EndProject
Project("{8BC9CEB8-8B4A-11D0-8D11-00A0C91BC942}") = "Chatper7_11", "Chatper7_11\Chatper7_11.vcxproj", "{E7D31BF8-BB16-4070-B465-F85220B23E3D}"
EndProject
Project("{8BC9CEB8-8B4A-11D0-8D11-00A0C91BC942}") = "Chatper7_12", "Chatper7_12\Chatper7_12.vcxproj", "{1BC0EE23-67EA-4D79-94A1-557CA9A53B71}"
EndProject
Global
	GlobalSection(SolutionConfigurationPlatforms) = preSolution
		Debug|x64 = Debug|x64
		Debug|x86 = Debug|x86
		Release|x64 = Release|x64
		Release|x86 = Release|x86
	EndGlobalSection
	GlobalSection(ProjectConfigurationPlatforms) = postSolution
		{3EBB8FC0-4870-4DC5-8F6C-9C9C3F922D3F}.Debug|x64.ActiveCfg = Debug|x64
		{3EBB8FC0-4870-4DC5-8F6C-9C9C3F922D3F}.Debug|x64.Build.0 = Debug|x64
		{3EBB8FC0-4870-4DC5-8F6C-9C9C3F922D3F}.Debug|x86.ActiveCfg = Debug|Win32
		{3EBB8FC0-4870-4DC5-8F6C-9C9C3F922D3F}.Debug|x86.Build.0 = Debug|Win32
		{3EBB8FC0-4870-4DC5-8F6C-9C9C3F922D3F}.Release|x64.ActiveCfg = Release|x64
		{3EBB8FC0-4870-4DC5-8F6C-9C9C3F922D3F}.Release|x64.Build.0 = Release|x64
		{3EBB8FC0-4870-4DC5-8F6C-9C9C3F922D3F}.Release|x86.ActiveCfg = Release|Win32
		{3EBB8FC0-4870-4DC5-8F6C-9C9C3F922D3F}.Release|x86.Build.0 = Release|Win32
		{189E8C49-5017-40D8-9D31-80C9BD7439FE}.Debug|x64.ActiveCfg = Debug|x64
		{189E8C49-5017-40D8-9D31-80C9BD7439FE}.Debug|x64.Build.0 = Debug|x64
		{189E8C49-5017-40D8-9D31-80C9BD7439FE}.Debug|x86.ActiveCfg = Debug|Win32
		{189E8C49-5017-40D8-9D31-80C9BD7439FE}.Debug|x86.Build.0 = Debug|Win32
		{189E8C49-5017-40D8-9D31-80C9BD7439FE}.Release|x64.ActiveCfg = Release|x64
		{189E8C49-5017-40D8-9D31-80C9BD7439FE}.Release|x64.Build.0 = Release|x64
		{189E8C49-5017-40D8-9D31-80C9BD7439FE}.Release|x86.ActiveCfg = Release|Win32
		{189E8C49-5017-40D8-9D31-80C9BD7439FE}.Release|x86.Build.0 = Release|Win32
		{F7C7C4E0-EFD8-492E-8A5C-19AC76D7514C}.Debug|x64.ActiveCfg = Debug|x64
		{F7C7C4E0-EFD8-492E-8A5C-19AC76D7514C}.Debug|x64.Build.0 = Debug|x64
		{F7C7C4E0-EFD8-492E-8A5C-19AC76D7514C}.Debug|x86.ActiveCfg = Debug|Win32
		{F7C7C4E0-EFD8-492E-8A5C-19AC76D7514C}.Debug|x86.Build.0 = Debug|Win32
		{F7C7C4E0-EFD8-492E-8A5C-19AC76D7514C}.Release|x64.ActiveCfg = Release|x64
		{F7C7C4E0-EFD8-492E-8A5C-19AC76D7514C}.Release|x64.Build.0 = Release|x64
		{F7C7C4E0-EFD8-492E-8A5C-19AC76D7514C}.Release|x86.ActiveCfg = Release|Win32
		{F7C7C4E0-EFD8-492E-8A5C-19AC76D7514C}.Release|x86.Build.0 = Release|Win32
		{7FA60A7E-FC44-4E69-BAFE-7E946EFF9F2D}.Debug|x64.ActiveCfg = Debug|x64
		{7FA60A7E-FC44-4E69-BAFE-7E946EFF9F2D}.Debug|x64.Build.0 = Debug|x64
		{7FA60A7E-FC44-4E69-BAFE-7E946EFF9F2D}.Debug|x86.ActiveCfg = Debug|Win32
		{7FA60A7E-FC44-4E69-BAFE-7E946EFF9F2D}.Debug|x86.Build.0 = Debug|Win32
		{7FA60A7E-FC44-4E69-BAFE-7E946EFF9F2D}.Release|x64.ActiveCfg = Release|x64
		{7FA60A7E-FC44-4E69-BAFE-7E946EFF9F2D}.Release|x64.Build.0 = Release|x64
		{7FA60A7E-FC44-4E69-BAFE-7E946EFF9F2D}.Release|x86.ActiveCfg = Release|Win32
		{7FA60A7E-FC44-4E69-BAFE-7E946EFF9F2D}.Release|x86.Build.0 = Release|Win32
		{033004EC-6819-4249-885C-55E72A9CA0EB}.Debug|x64.ActiveCfg = Debug|x64
		{033004EC-6819-4249-885C-55E72A9CA0EB}.Debug|x64.Build.0 = Debug|x64
		{033004EC-6819-4249-885C-55E72A9CA0EB}.Debug|x86.ActiveCfg = Debug|Win32
		{033004EC-6819-4249-885C-55E72A9CA0EB}.Debug|x86.Build.0 = Debug|Win32
		{033004EC-6819-4249-885C-55E72A9CA0EB}.Release|x64.ActiveCfg = Release|x64
		{033004EC-6819-4249-885C-55E72A9CA0EB}.Release|x64.Build.0 = Release|x64
		{033004EC-6819-4249-885C-55E72A9CA0EB}.Release|x86.ActiveCfg = Release|Win32
		{033004EC-6819-4249-885C-55E72A9CA0EB}.Release|x86.Build.0 = Release|Win32
		{B3BA6F28-B88B-4FCF-BF7A-2349974B8984}.Debug|x64.ActiveCfg = Debug|x64
		{B3BA6F28-B88B-4FCF-BF7A-2349974B8984}.Debug|x64.Build.0 = Debug|x64
		{B3BA6F28-B88B-4FCF-BF7A-2349974B8984}.Debug|x86.ActiveCfg = Debug|Win32
		{B3BA6F28-B88B-4FCF-BF7A-2349974B8984}.Debug|x86.Build.0 = Debug|Win32
		{B3BA6F28-B88B-4FCF-BF7A-2349974B8984}.Release|x64.ActiveCfg = Release|x64
		{B3BA6F28-B88B-4FCF-BF7A-2349974B8984}.Release|x64.Build.0 = Release|x64
		{B3BA6F28-B88B-4FCF-BF7A-2349974B8984}.Release|x86.ActiveCfg = Release|Win32
		{B3BA6F28-B88B-4FCF-BF7A-2349974B8984}.Release|x86.Build.0 = Release|Win32
		{54617E4A-2FE4-49D1-9CF9-0D3766C0B37E}.Debug|x64.ActiveCfg = Debug|x64
		{54617E4A-2FE4-49D1-9CF9-0D3766C0B37E}.Debug|x64.Build.0 = Debug|x64
		{54617E4A-2FE4-49D1-9CF9-0D3766C0B37E}.Debug|x86.ActiveCfg = Debug|Win32
		{54617E4A-2FE4-49D1-9CF9-0D3766C0B37E}.Debug|x86.Build.0 = Debug|Win32
		{54617E4A-2FE4-49D1-9CF9-0D3766C0B37E}.Release|x64.ActiveCfg = Release|x64
		{54617E4A-2FE4-49D1-9CF9-0D3766C0B37E}.Release|x64.Build.0 = Release|x64
		{54617E4A-2FE4-49D1-9CF9-0D3766C0B37E}.Release|x86.ActiveCfg = Release|Win32
		{54617E4A-2FE4-49D1-9CF9-0D3766C0B37E}.Release|x86.Build.0 = Release|Win32
		{F9624D02-9537-4F58-8849-07C26178E121}.Debug|x64.ActiveCfg = Debug|x64
		{F9624D02-9537-4F58-8849-07C26178E121}.Debug|x64.Build.0 = Debug|x64
		{F9624D02-9537-4F58-8849-07C26178E121}.Debug|x86.ActiveCfg = Debug|Win32
		{F9624D02-9537-4F58-8849-07C26178E121}.Debug|x86.Build.0 = Debug|Win32
		{F9624D02-9537-4F58-8849-07C26178E121}.Release|x64.ActiveCfg = Release|x64
		{F9624D02-9537-4F58-8849-07C26178E121}.Release|x64.Build.0 = Release|x64
		{F9624D02-9537-4F58-8849-07C26178E121}.Release|x86.ActiveCfg = Release|Win32
		{F9624D02-9537-4F58-8849-07C26178E121}.Release|x86.Build.0 = Release|Win32
		{DAF6E9FF-343C-4CDD-89B7-3EFDB869FFED}.Debug|x64.ActiveCfg = Debug|x64
		{DAF6E9FF-343C-4CDD-89B7-3EFDB869FFED}.Debug|x64.Build.0 = Debug|x64
		{DAF6E9FF-343C-4CDD-89B7-3EFDB869FFED}.Debug|x86.ActiveCfg = Debug|Win32
		{DAF6E9FF-343C-4CDD-89B7-3EFDB869FFED}.Debug|x86.Build.0 = Debug|Win32
		{DAF6E9FF-343C-4CDD-89B7-3EFDB869FFED}.Release|x64.ActiveCfg = Release|x64
		{DAF6E9FF-343C-4CDD-89B7-3EFDB869FFED}.Release|x64.Build.0 = Release|x64
		{DAF6E9FF-343C-4CDD-89B7-3EFDB869FFED}.Release|x86.ActiveCfg = Release|Win32
		{DAF6E9FF-343C-4CDD-89B7-3EFDB869FFED}.Release|x86.Build.0 = Release|Win32
		{C0143335-BD38-402A-9CCA-683B37A7CD27}.Debug|x64.ActiveCfg = Debug|x64
		{C0143335-BD38-402A-9CCA-683B37A7CD27}.Debug|x64.Build.0 = Debug|x64
		{C0143335-BD38-402A-9CCA-683B37A7CD27}.Debug|x86.ActiveCfg = Debug|Win32
		{C0143335-BD38-402A-9CCA-683B37A7CD27}.Debug|x86.Build.0 = Debug|Win32
		{C0143335-BD38-402A-9CCA-683B37A7CD27}.Release|x64.ActiveCfg = Release|x64
		{C0143335-BD38-402A-9CCA-683B37A7CD27}.Release|x64.Build.0 = Release|x64
		{C0143335-BD38-402A-9CCA-683B37A7CD27}.Release|x86.ActiveCfg = Release|Win32
		{C0143335-BD38-402A-9CCA-683B37A7CD27}.Release|x86.Build.0 = Release|Win32
		{A716F6D9-C968-4F34-B8EC-1ED1232C8201}.Debug|x64.ActiveCfg = Debug|x64
		{A716F6D9-C968-4F34-B8EC-1ED1232C8201}.Debug|x64.Build.0 = Debug|x64
		{A716F6D9-C968-4F34-B8EC-1ED1232C8201}.Debug|x86.ActiveCfg = Debug|Win32
		{A716F6D9-C968-4F34-B8EC-1ED1232C8201}.Debug|x86.Build.0 = Debug|Win32
		{A716F6D9-C968-4F34-B8EC-1ED1232C8201}.Release|x64.ActiveCfg = Release|x64
		{A716F6D9-C968-4F34-B8EC-1ED1232C8201}.Release|x64.Build.0 = Release|x64
		{A716F6D9-C968-4F34-B8EC-1ED1232C8201}.Release|x86.ActiveCfg = Release|Win32
		{A716F6D9-C968-4F34-B8EC-1ED1232C8201}.Release|x86.Build.0 = Release|Win32
		{7EA0D8D0-BEE1-4A73-88AE-E69E375D430E}.Debug|x64.ActiveCfg = Debug|x64
		{7EA0D8D0-BEE1-4A73-88AE-E69E375D430E}.Debug|x64.Build.0 = Debug|x64
		{7EA0D8D0-BEE1-4A73-88AE-E69E375D430E}.Debug|x86.ActiveCfg = Debug|Win32
		{7EA0D8D0-BEE1-4A73-88AE-E69E375D430E}.Debug|x86.Build.0 = Debug|Win32
		{7EA0D8D0-BEE1-4A73-88AE-E69E375D430E}.Release|x64.ActiveCfg = Release|x64
		{7EA0D8D0-BEE1-4A73-88AE-E69E375D430E}.Release|x64.Build.0 = Release|x64
		{7EA0D8D0-BEE1-4A73-88AE-E69E375D430E}.Release|x86.ActiveCfg = Release|Win32
		{7EA0D8D0-BEE1-4A73-88AE-E69E375D430E}.Release|x86.Build.0 = Release|Win32
		{ACA8773B-2DE1-443B-B7EE-2C8E31D3D36A}.Debug|x64.ActiveCfg = Debug|x64
		{ACA8773B-2DE1-443B-B7EE-2C8E31D3D36A}.Debug|x64.Build.0 = Debug|x64
		{ACA8773B-2DE1-443B-B7EE-2C8E31D3D36A}.Debug|x86.ActiveCfg = Debug|Win32
		{ACA8773B-2DE1-443B-B7EE-2C8E31D3D36A}.Debug|x86.Build.0 = Debug|Win32
		{ACA8773B-2DE1-443B-B7EE-2C8E31D3D36A}.Release|x64.ActiveCfg = Release|x64
		{ACA8773B-2DE1-443B-B7EE-2C8E31D3D36A}.Release|x64.Build.0 = Release|x64
		{ACA8773B-2DE1-443B-B7EE-2C8E31D3D36A}.Release|x86.ActiveCfg = Release|Win32
		{ACA8773B-2DE1-443B-B7EE-2C8E31D3D36A}.Release|x86.Build.0 = Release|Win32
		{C8D086A8-DFC3-466F-8958-FC43FD0B14FA}.Debug|x64.ActiveCfg = Debug|x64
		{C8D086A8-DFC3-466F-8958-FC43FD0B14FA}.Debug|x64.Build.0 = Debug|x64
		{C8D086A8-DFC3-466F-8958-FC43FD0B14FA}.Debug|x86.ActiveCfg = Debug|Win32
		{C8D086A8-DFC3-466F-8958-FC43FD0B14FA}.Debug|x86.Build.0 = Debug|Win32
		{C8D086A8-DFC3-466F-8958-FC43FD0B14FA}.Release|x64.ActiveCfg = Release|x64
		{C8D086A8-DFC3-466F-8958-FC43FD0B14FA}.Release|x64.Build.0 = Release|x64
		{C8D086A8-DFC3-466F-8958-FC43FD0B14FA}.Release|x86.ActiveCfg = Release|Win32
		{C8D086A8-DFC3-466F-8958-FC43FD0B14FA}.Release|x86.Build.0 = Release|Win32
		{59184245-C5BF-41E4-B44E-D2DA3B2C8B1A}.Debug|x64.ActiveCfg = Debug|x64
		{59184245-C5BF-41E4-B44E-D2DA3B2C8B1A}.Debug|x64.Build.0 = Debug|x64
		{59184245-C5BF-41E4-B44E-D2DA3B2C8B1A}.Debug|x86.ActiveCfg = Debug|Win32
		{59184245-C5BF-41E4-B44E-D2DA3B2C8B1A}.Debug|x86.Build.0 = Debug|Win32
		{59184245-C5BF-41E4-B44E-D2DA3B2C8B1A}.Release|x64.ActiveCfg = Release|x64
		{59184245-C5BF-41E4-B44E-D2DA3B2C8B1A}.Release|x64.Build.0 = Release|x64
		{59184245-C5BF-41E4-B44E-D2DA3B2C8B1A}.Release|x86.ActiveCfg = Release|Win32
		{59184245-C5BF-41E4-B44E-D2DA3B2C8B1A}.Release|x86.Build.0 = Release|Win32
		{F76F4395-AACA-43DF-8B06-F8B737249496}.Debug|x64.ActiveCfg = Debug|x64
		{F76F4395-AACA-43DF-8B06-F8B737249496}.Debug|x64.Build.0 = Debug|x64
		{F76F4395-AACA-43DF-8B06-F8B737249496}.Debug|x86.ActiveCfg = Debug|Win32
		{F76F4395-AACA-43DF-8B06-F8B737249496}.Debug|x86.Build.0 = Debug|Win32
		{F76F4395-AACA-43DF-8B06-F8B737249496}.Release|x64.ActiveCfg = Release|x64
		{F76F4395-AACA-43DF-8B06-F8B737249496}.Release|x64.Build.0 = Release|x64
		{F76F4395-AACA-43DF-8B06-F8B737249496}.Release|x86.ActiveCfg = Release|Win32
		{F76F4395-AACA-43DF-8B06-F8B737249496}.Release|x86.Build.0 = Release|Win32
		{7D480CE1-FFED-4836-A854-E704F1ED8C86}.Debug|x64.ActiveCfg = Debug|x64
		{7D480CE1-FFED-4836-A854-E704F1ED8C86}.Debug|x64.Build.0 = Debug|x64
		{7D480CE1-FFED-4836-A854-E704F1ED8C86}.Debug|x86.ActiveCfg = Debug|Win32
		{7D480CE1-FFED-4836-A854-E704F1ED8C86}.Debug|x86.Build.0 = Debug|Win32
		{7D480CE1-FFED-4836-A854-E704F1ED8C86}.Release|x64.ActiveCfg = Release|x64
		{7D480CE1-FFED-4836-A854-E704F1ED8C86}.Release|x64.Build.0 = Release|x64
		{7D480CE1-FFED-4836-A854-E704F1ED8C86}.Release|x86.ActiveCfg = Release|Win32
		{7D480CE1-FFED-4836-A854-E704F1ED8C86}.Release|x86.Build.0 = Release|Win32
		{F035C99A-8DAF-4722-A90E-A44AD777CC56}.Debug|x64.ActiveCfg = Debug|x64
		{F035C99A-8DAF-4722-A90E-A44AD777CC56}.Debug|x64.Build.0 = Debug|x64
		{F035C99A-8DAF-4722-A90E-A44AD777CC56}.Debug|x86.ActiveCfg = Debug|Win32
		{F035C99A-8DAF-4722-A90E-A44AD777CC56}.Debug|x86.Build.0 = Debug|Win32
		{F035C99A-8DAF-4722-A90E-A44AD777CC56}.Release|x64.ActiveCfg = Release|x64
		{F035C99A-8DAF-4722-A90E-A44AD777CC56}.Release|x64.Build.0 = Release|x64
		{F035C99A-8DAF-4722-A90E-A44AD777CC56}.Release|x86.ActiveCfg = Release|Win32
		{F035C99A-8DAF-4722-A90E-A44AD777CC56}.Release|x86.Build.0 = Release|Win32
		{DBD1E54E-9EE6-4258-B7DD-ED2CB4171487}.Debug|x64.ActiveCfg = Debug|x64
		{DBD1E54E-9EE6-4258-B7DD-ED2CB4171487}.Debug|x64.Build.0 = Debug|x64
		{DBD1E54E-9EE6-4258-B7DD-ED2CB4171487}.Debug|x86.ActiveCfg = Debug|Win32
		{DBD1E54E-9EE6-4258-B7DD-ED2CB4171487}.Debug|x86.Build.0 = Debug|Win32
		{DBD1E54E-9EE6-4258-B7DD-ED2CB4171487}.Release|x64.ActiveCfg = Release|x64
		{DBD1E54E-9EE6-4258-B7DD-ED2CB4171487}.Release|x64.Build.0 = Release|x64
		{DBD1E54E-9EE6-4258-B7DD-ED2CB4171487}.Release|x86.ActiveCfg = Release|Win32
		{DBD1E54E-9EE6-4258-B7DD-ED2CB4171487}.Release|x86.Build.0 = Release|Win32
		{5BF95E8D-9C0B-4314-9467-83FC394564C1}.Debug|x64.ActiveCfg = Debug|x64
		{5BF95E8D-9C0B-4314-9467-83FC394564C1}.Debug|x64.Build.0 = Debug|x64
		{5BF95E8D-9C0B-4314-9467-83FC394564C1}.Debug|x86.ActiveCfg = Debug|Win32
		{5BF95E8D-9C0B-4314-9467-83FC394564C1}.Debug|x86.Build.0 = Debug|Win32
		{5BF95E8D-9C0B-4314-9467-83FC394564C1}.Release|x64.ActiveCfg = Release|x64
		{5BF95E8D-9C0B-4314-9467-83FC394564C1}.Release|x64.Build.0 = Release|x64
		{5BF95E8D-9C0B-4314-9467-83FC394564C1}.Release|x86.ActiveCfg = Release|Win32
		{5BF95E8D-9C0B-4314-9467-83FC394564C1}.Release|x86.Build.0 = Release|Win32
		{34021E47-47EB-4BE5-9F03-876626C1BB5E}.Debug|x64.ActiveCfg = Debug|x64
		{34021E47-47EB-4BE5-9F03-876626C1BB5E}.Debug|x64.Build.0 = Debug|x64
		{34021E47-47EB-4BE5-9F03-876626C1BB5E}.Debug|x86.ActiveCfg = Debug|Win32
		{34021E47-47EB-4BE5-9F03-876626C1BB5E}.Debug|x86.Build.0 = Debug|Win32
		{34021E47-47EB-4BE5-9F03-876626C1BB5E}.Release|x64.ActiveCfg = Release|x64
		{34021E47-47EB-4BE5-9F03-876626C1BB5E}.Release|x64.Build.0 = Release|x64
		{34021E47-47EB-4BE5-9F03-876626C1BB5E}.Release|x86.ActiveCfg = Release|Win32
		{34021E47-47EB-4BE5-9F03-876626C1BB5E}.Release|x86.Build.0 = Release|Win32
		{E82B939C-8ECC-4B8F-8B28-B89A43E0E159}.Debug|x64.ActiveCfg = Debug|x64
		{E82B939C-8ECC-4B8F-8B28-B89A43E0E159}.Debug|x64.Build.0 = Debug|x64
		{E82B939C-8ECC-4B8F-8B28-B89A43E0E159}.Debug|x86.ActiveCfg = Debug|Win32
		{E82B939C-8ECC-4B8F-8B28-B89A43E0E159}.Debug|x86.Build.0 = Debug|Win32
		{E82B939C-8ECC-4B8F-8B28-B89A43E0E159}.Release|x64.ActiveCfg = Release|x64
		{E82B939C-8ECC-4B8F-8B28-B89A43E0E159}.Release|x64.Build.0 = Release|x64
		{E82B939C-8ECC-4B8F-8B28-B89A43E0E159}.Release|x86.ActiveCfg = Release|Win32
		{E82B939C-8ECC-4B8F-8B28-B89A43E0E159}.Release|x86.Build.0 = Release|Win32
		{215FF539-59C0-4614-B2F9-CF06021C4736}.Debug|x64.ActiveCfg = Debug|x64
		{215FF539-59C0-4614-B2F9-CF06021C4736}.Debug|x64.Build.0 = Debug|x64
		{215FF539-59C0-4614-B2F9-CF06021C4736}.Debug|x86.ActiveCfg = Debug|Win32
		{215FF539-59C0-4614-B2F9-CF06021C4736}.Debug|x86.Build.0 = Debug|Win32
		{215FF539-59C0-4614-B2F9-CF06021C4736}.Release|x64.ActiveCfg = Release|x64
		{215FF539-59C0-4614-B2F9-CF06021C4736}.Release|x64.Build.0 = Release|x64
		{215FF539-59C0-4614-B2F9-CF06021C4736}.Release|x86.ActiveCfg = Release|Win32
		{215FF539-59C0-4614-B2F9-CF06021C4736}.Release|x86.Build.0 = Release|Win32
		{1B187CFE-42F5-446F-832C-3D04EBD5D9C5}.Debug|x64.ActiveCfg = Debug|x64
		{1B187CFE-42F5-446F-832C-3D04EBD5D9C5}.Debug|x64.Build.0 = Debug|x64
		{1B187CFE-42F5-446F-832C-3D04EBD5D9C5}.Debug|x86.ActiveCfg = Debug|Win32
		{1B187CFE-42F5-446F-832C-3D04EBD5D9C5}.Debug|x86.Build.0 = Debug|Win32
		{1B187CFE-42F5-446F-832C-3D04EBD5D9C5}.Release|x64.ActiveCfg = Release|x64
		{1B187CFE-42F5-446F-832C-3D04EBD5D9C5}.Release|x64.Build.0 = Release|x64
		{1B187CFE-42F5-446F-832C-3D04EBD5D9C5}.Release|x86.ActiveCfg = Release|Win32
		{1B187CFE-42F5-446F-832C-3D04EBD5D9C5}.Release|x86.Build.0 = Release|Win32
		{D8DC1773-A49D-42CD-B433-06A92FE4D1BD}.Debug|x64.ActiveCfg = Debug|x64
		{D8DC1773-A49D-42CD-B433-06A92FE4D1BD}.Debug|x64.Build.0 = Debug|x64
		{D8DC1773-A49D-42CD-B433-06A92FE4D1BD}.Debug|x86.ActiveCfg = Debug|Win32
		{D8DC1773-A49D-42CD-B433-06A92FE4D1BD}.Debug|x86.Build.0 = Debug|Win32
		{D8DC1773-A49D-42CD-B433-06A92FE4D1BD}.Release|x64.ActiveCfg = Release|x64
		{D8DC1773-A49D-42CD-B433-06A92FE4D1BD}.Release|x64.Build.0 = Release|x64
		{D8DC1773-A49D-42CD-B433-06A92FE4D1BD}.Release|x86.ActiveCfg = Release|Win32
		{D8DC1773-A49D-42CD-B433-06A92FE4D1BD}.Release|x86.Build.0 = Release|Win32
		{7F63A8B1-9BAD-4BD1-8810-1892610BCEF0}.Debug|x64.ActiveCfg = Debug|x64
		{7F63A8B1-9BAD-4BD1-8810-1892610BCEF0}.Debug|x64.Build.0 = Debug|x64
		{7F63A8B1-9BAD-4BD1-8810-1892610BCEF0}.Debug|x86.ActiveCfg = Debug|Win32
		{7F63A8B1-9BAD-4BD1-8810-1892610BCEF0}.Debug|x86.Build.0 = Debug|Win32
		{7F63A8B1-9BAD-4BD1-8810-1892610BCEF0}.Release|x64.ActiveCfg = Release|x64
		{7F63A8B1-9BAD-4BD1-8810-1892610BCEF0}.Release|x64.Build.0 = Release|x64
		{7F63A8B1-9BAD-4BD1-8810-1892610BCEF0}.Release|x86.ActiveCfg = Release|Win32
		{7F63A8B1-9BAD-4BD1-8810-1892610BCEF0}.Release|x86.Build.0 = Release|Win32
		{78F12830-F8A3-4562-9763-B8DF39BBF546}.Debug|x64.ActiveCfg = Debug|x64
		{78F12830-F8A3-4562-9763-B8DF39BBF546}.Debug|x64.Build.0 = Debug|x64
		{78F12830-F8A3-4562-9763-B8DF39BBF546}.Debug|x86.ActiveCfg = Debug|Win32
		{78F12830-F8A3-4562-9763-B8DF39BBF546}.Debug|x86.Build.0 = Debug|Win32
		{78F12830-F8A3-4562-9763-B8DF39BBF546}.Release|x64.ActiveCfg = Release|x64
		{78F12830-F8A3-4562-9763-B8DF39BBF546}.Release|x64.Build.0 = Release|x64
		{78F12830-F8A3-4562-9763-B8DF39BBF546}.Release|x86.ActiveCfg = Release|Win32
		{78F12830-F8A3-4562-9763-B8DF39BBF546}.Release|x86.Build.0 = Release|Win32
		{AD95D195-7EF3-465D-B37F-9E00AC48EEF9}.Debug|x64.ActiveCfg = Debug|x64
		{AD95D195-7EF3-465D-B37F-9E00AC48EEF9}.Debug|x64.Build.0 = Debug|x64
		{AD95D195-7EF3-465D-B37F-9E00AC48EEF9}.Debug|x86.ActiveCfg = Debug|Win32
		{AD95D195-7EF3-465D-B37F-9E00AC48EEF9}.Debug|x86.Build.0 = Debug|Win32
		{AD95D195-7EF3-465D-B37F-9E00AC48EEF9}.Release|x64.ActiveCfg = Release|x64
		{AD95D195-7EF3-465D-B37F-9E00AC48EEF9}.Release|x64.Build.0 = Release|x64
		{AD95D195-7EF3-465D-B37F-9E00AC48EEF9}.Release|x86.ActiveCfg = Release|Win32
		{AD95D195-7EF3-465D-B37F-9E00AC48EEF9}.Release|x86.Build.0 = Release|Win32
		{884CB36A-801F-454B-ABCA-A09BC7FE6E36}.Debug|x64.ActiveCfg = Debug|x64
		{884CB36A-801F-454B-ABCA-A09BC7FE6E36}.Debug|x64.Build.0 = Debug|x64
		{884CB36A-801F-454B-ABCA-A09BC7FE6E36}.Debug|x86.ActiveCfg = Debug|Win32
		{884CB36A-801F-454B-ABCA-A09BC7FE6E36}.Debug|x86.Build.0 = Debug|Win32
		{884CB36A-801F-454B-ABCA-A09BC7FE6E36}.Release|x64.ActiveCfg = Release|x64
		{884CB36A-801F-454B-ABCA-A09BC7FE6E36}.Release|x64.Build.0 = Release|x64
		{884CB36A-801F-454B-ABCA-A09BC7FE6E36}.Release|x86.ActiveCfg = Release|Win32
		{884CB36A-801F-454B-ABCA-A09BC7FE6E36}.Release|x86.Build.0 = Release|Win32
		{97C485CE-7EDA-49A8-AB14-0F6253CF7227}.Debug|x64.ActiveCfg = Debug|x64
		{97C485CE-7EDA-49A8-AB14-0F6253CF7227}.Debug|x64.Build.0 = Debug|x64
		{97C485CE-7EDA-49A8-AB14-0F6253CF7227}.Debug|x86.ActiveCfg = Debug|Win32
		{97C485CE-7EDA-49A8-AB14-0F6253CF7227}.Debug|x86.Build.0 = Debug|Win32
		{97C485CE-7EDA-49A8-AB14-0F6253CF7227}.Release|x64.ActiveCfg = Release|x64
		{97C485CE-7EDA-49A8-AB14-0F6253CF7227}.Release|x64.Build.0 = Release|x64
		{97C485CE-7EDA-49A8-AB14-0F6253CF7227}.Release|x86.ActiveCfg = Release|Win32
		{97C485CE-7EDA-49A8-AB14-0F6253CF7227}.Release|x86.Build.0 = Release|Win32
		{3248D7E4-45B3-4863-93A1-DBC351D7A97E}.Debug|x64.ActiveCfg = Debug|x64
		{3248D7E4-45B3-4863-93A1-DBC351D7A97E}.Debug|x64.Build.0 = Debug|x64
		{3248D7E4-45B3-4863-93A1-DBC351D7A97E}.Debug|x86.ActiveCfg = Debug|Win32
		{3248D7E4-45B3-4863-93A1-DBC351D7A97E}.Debug|x86.Build.0 = Debug|Win32
		{3248D7E4-45B3-4863-93A1-DBC351D7A97E}.Release|x64.ActiveCfg = Release|x64
		{3248D7E4-45B3-4863-93A1-DBC351D7A97E}.Release|x64.Build.0 = Release|x64
		{3248D7E4-45B3-4863-93A1-DBC351D7A97E}.Release|x86.ActiveCfg = Release|Win32
		{3248D7E4-45B3-4863-93A1-DBC351D7A97E}.Release|x86.Build.0 = Release|Win32
		{7B9ACDEE-07B7-49F6-93D5-E2A9B4A5DB06}.Debug|x64.ActiveCfg = Debug|x64
		{7B9ACDEE-07B7-49F6-93D5-E2A9B4A5DB06}.Debug|x64.Build.0 = Debug|x64
		{7B9ACDEE-07B7-49F6-93D5-E2A9B4A5DB06}.Debug|x86.ActiveCfg = Debug|Win32
		{7B9ACDEE-07B7-49F6-93D5-E2A9B4A5DB06}.Debug|x86.Build.0 = Debug|Win32
		{7B9ACDEE-07B7-49F6-93D5-E2A9B4A5DB06}.Release|x64.ActiveCfg = Release|x64
		{7B9ACDEE-07B7-49F6-93D5-E2A9B4A5DB06}.Release|x64.Build.0 = Release|x64
		{7B9ACDEE-07B7-49F6-93D5-E2A9B4A5DB06}.Release|x86.ActiveCfg = Release|Win32
		{7B9ACDEE-07B7-49F6-93D5-E2A9B4A5DB06}.Release|x86.Build.0 = Release|Win32
		{1155FA1A-2BB6-42B2-B101-1FD72362A789}.Debug|x64.ActiveCfg = Debug|x64
		{1155FA1A-2BB6-42B2-B101-1FD72362A789}.Debug|x64.Build.0 = Debug|x64
		{1155FA1A-2BB6-42B2-B101-1FD72362A789}.Debug|x86.ActiveCfg = Debug|Win32
		{1155FA1A-2BB6-42B2-B101-1FD72362A789}.Debug|x86.Build.0 = Debug|Win32
		{1155FA1A-2BB6-42B2-B101-1FD72362A789}.Release|x64.ActiveCfg = Release|x64
		{1155FA1A-2BB6-42B2-B101-1FD72362A789}.Release|x64.Build.0 = Release|x64
		{1155FA1A-2BB6-42B2-B101-1FD72362A789}.Release|x86.ActiveCfg = Release|Win32
		{1155FA1A-2BB6-42B2-B101-1FD72362A789}.Release|x86.Build.0 = Release|Win32
		{DD048505-918B-43F9-A981-8B08018E56A2}.Debug|x64.ActiveCfg = Debug|x64
		{DD048505-918B-43F9-A981-8B08018E56A2}.Debug|x64.Build.0 = Debug|x64
		{DD048505-918B-43F9-A981-8B08018E56A2}.Debug|x86.ActiveCfg = Debug|Win32
		{DD048505-918B-43F9-A981-8B08018E56A2}.Debug|x86.Build.0 = Debug|Win32
		{DD048505-918B-43F9-A981-8B08018E56A2}.Release|x64.ActiveCfg = Release|x64
		{DD048505-918B-43F9-A981-8B08018E56A2}.Release|x64.Build.0 = Release|x64
		{DD048505-918B-43F9-A981-8B08018E56A2}.Release|x86.ActiveCfg = Release|Win32
		{DD048505-918B-43F9-A981-8B08018E56A2}.Release|x86.Build.0 = Release|Win32
		{D1A1C8AB-B3F0-4CCC-818A-C14E418713AD}.Debug|x64.ActiveCfg = Debug|x64
		{D1A1C8AB-B3F0-4CCC-818A-C14E418713AD}.Debug|x64.Build.0 = Debug|x64
		{D1A1C8AB-B3F0-4CCC-818A-C14E418713AD}.Debug|x86.ActiveCfg = Debug|Win32
		{D1A1C8AB-B3F0-4CCC-818A-C14E418713AD}.Debug|x86.Build.0 = Debug|Win32
		{D1A1C8AB-B3F0-4CCC-818A-C14E418713AD}.Release|x64.ActiveCfg = Release|x64
		{D1A1C8AB-B3F0-4CCC-818A-C14E418713AD}.Release|x64.Build.0 = Release|x64
		{D1A1C8AB-B3F0-4CCC-818A-C14E418713AD}.Release|x86.ActiveCfg = Release|Win32
		{D1A1C8AB-B3F0-4CCC-818A-C14E418713AD}.Release|x86.Build.0 = Release|Win32
		{40528311-9454-494E-8098-77BBB3E7727F}.Debug|x64.ActiveCfg = Debug|x64
		{40528311-9454-494E-8098-77BBB3E7727F}.Debug|x64.Build.0 = Debug|x64
		{40528311-9454-494E-8098-77BBB3E7727F}.Debug|x86.ActiveCfg = Debug|Win32
		{40528311-9454-494E-8098-77BBB3E7727F}.Debug|x86.Build.0 = Debug|Win32
		{40528311-9454-494E-8098-77BBB3E7727F}.Release|x64.ActiveCfg = Release|x64
		{40528311-9454-494E-8098-77BBB3E7727F}.Release|x64.Build.0 = Release|x64
		{40528311-9454-494E-8098-77BBB3E7727F}.Release|x86.ActiveCfg = Release|Win32
		{40528311-9454-494E-8098-77BBB3E7727F}.Release|x86.Build.0 = Release|Win32
		{0EFB5F88-BD86-4E3B-B26E-01481A074F92}.Debug|x64.ActiveCfg = Debug|x64
		{0EFB5F88-BD86-4E3B-B26E-01481A074F92}.Debug|x64.Build.0 = Debug|x64
		{0EFB5F88-BD86-4E3B-B26E-01481A074F92}.Debug|x86.ActiveCfg = Debug|Win32
		{0EFB5F88-BD86-4E3B-B26E-01481A074F92}.Debug|x86.Build.0 = Debug|Win32
		{0EFB5F88-BD86-4E3B-B26E-01481A074F92}.Release|x64.ActiveCfg = Release|x64
		{0EFB5F88-BD86-4E3B-B26E-01481A074F92}.Release|x64.Build.0 = Release|x64
		{0EFB5F88-BD86-4E3B-B26E-01481A074F92}.Release|x86.ActiveCfg = Release|Win32
		{0EFB5F88-BD86-4E3B-B26E-01481A074F92}.Release|x86.Build.0 = Release|Win32
		{E7D31BF8-BB16-4070-B465-F85220B23E3D}.Debug|x64.ActiveCfg = Debug|x64
		{E7D31BF8-BB16-4070-B465-F85220B23E3D}.Debug|x64.Build.0 = Debug|x64
		{E7D31BF8-BB16-4070-B465-F85220B23E3D}.Debug|x86.ActiveCfg = Debug|Win32
		{E7D31BF8-BB16-4070-B465-F85220B23E3D}.Debug|x86.Build.0 = Debug|Win32
		{E7D31BF8-BB16-4070-B465-F85220B23E3D}.Release|x64.ActiveCfg = Release|x64
		{E7D31BF8-BB16-4070-B465-F85220B23E3D}.Release|x64.Build.0 = Release|x64
		{E7D31BF8-BB16-4070-B465-F85220B23E3D}.Release|x86.ActiveCfg = Release|Win32
		{E7D31BF8-BB16-4070-B465-F85220B23E3D}.Release|x86.Build.0 = Release|Win32
		{1BC0EE23-67EA-4D79-94A1-557CA9A53B71}.Debug|x64.ActiveCfg = Debug|x64
		{1BC0EE23-67EA-4D79-94A1-557CA9A53B71}.Debug|x64.Build.0 = Debug|x64
		{1BC0EE23-67EA-4D79-94A1-557CA9A53B71}.Debug|x86.ActiveCfg = Debug|Win32
		{1BC0EE23-67EA-4D79-94A1-557CA9A53B71}.Debug|x86.Build.0 = Debug|Win32
		{1BC0EE23-67EA-4D79-94A1-557CA9A53B71}.Release|x64.ActiveCfg = Release|x64
		{1BC0EE23-67EA-4D79-94A1-557CA9A53B71}.Release|x64.Build.0 = Release|x64
		{1BC0EE23-67EA-4D79-94A1-557CA9A53B71}.Release|x86.ActiveCfg = Release|Win32
		{1BC0EE23-67EA-4D79-94A1-557CA9A53B71}.Release|x86.Build.0 = Release|Win32
	EndGlobalSection
	GlobalSection(SolutionProperties) = preSolution
		HideSolutionNode = FALSE
	EndGlobalSection
	GlobalSection(NestedProjects) = preSolution
		{3EBB8FC0-4870-4DC5-8F6C-9C9C3F922D3F} = {DF08C378-0323-4DE7-9443-7CC4D612B7A4}
		{189E8C49-5017-40D8-9D31-80C9BD7439FE} = {DF08C378-0323-4DE7-9443-7CC4D612B7A4}
		{F7C7C4E0-EFD8-492E-8A5C-19AC76D7514C} = {6FDF276D-6AB9-4479-AB8C-7BC9EFEFBC22}
		{7FA60A7E-FC44-4E69-BAFE-7E946EFF9F2D} = {6FDF276D-6AB9-4479-AB8C-7BC9EFEFBC22}
		{033004EC-6819-4249-885C-55E72A9CA0EB} = {6FDF276D-6AB9-4479-AB8C-7BC9EFEFBC22}
		{B3BA6F28-B88B-4FCF-BF7A-2349974B8984} = {6FDF276D-6AB9-4479-AB8C-7BC9EFEFBC22}
		{54617E4A-2FE4-49D1-9CF9-0D3766C0B37E} = {6FDF276D-6AB9-4479-AB8C-7BC9EFEFBC22}
		{F9624D02-9537-4F58-8849-07C26178E121} = {6FDF276D-6AB9-4479-AB8C-7BC9EFEFBC22}
		{DAF6E9FF-343C-4CDD-89B7-3EFDB869FFED} = {6FDF276D-6AB9-4479-AB8C-7BC9EFEFBC22}
		{C0143335-BD38-402A-9CCA-683B37A7CD27} = {6FDF276D-6AB9-4479-AB8C-7BC9EFEFBC22}
		{A716F6D9-C968-4F34-B8EC-1ED1232C8201} = {6FDF276D-6AB9-4479-AB8C-7BC9EFEFBC22}
		{7EA0D8D0-BEE1-4A73-88AE-E69E375D430E} = {7CBA08B9-56BE-40EE-8108-D0EB54F32F5D}
		{ACA8773B-2DE1-443B-B7EE-2C8E31D3D36A} = {7CBA08B9-56BE-40EE-8108-D0EB54F32F5D}
		{C8D086A8-DFC3-466F-8958-FC43FD0B14FA} = {7CBA08B9-56BE-40EE-8108-D0EB54F32F5D}
		{59184245-C5BF-41E4-B44E-D2DA3B2C8B1A} = {CE11E71A-62B8-42CD-B820-D06C66C4A8F1}
		{F76F4395-AACA-43DF-8B06-F8B737249496} = {CE11E71A-62B8-42CD-B820-D06C66C4A8F1}
		{7D480CE1-FFED-4836-A854-E704F1ED8C86} = {CE11E71A-62B8-42CD-B820-D06C66C4A8F1}
		{F035C99A-8DAF-4722-A90E-A44AD777CC56} = {CE11E71A-62B8-42CD-B820-D06C66C4A8F1}
		{DBD1E54E-9EE6-4258-B7DD-ED2CB4171487} = {CE11E71A-62B8-42CD-B820-D06C66C4A8F1}
		{5BF95E8D-9C0B-4314-9467-83FC394564C1} = {CE11E71A-62B8-42CD-B820-D06C66C4A8F1}
		{34021E47-47EB-4BE5-9F03-876626C1BB5E} = {CE11E71A-62B8-42CD-B820-D06C66C4A8F1}
		{E82B939C-8ECC-4B8F-8B28-B89A43E0E159} = {CE11E71A-62B8-42CD-B820-D06C66C4A8F1}
		{215FF539-59C0-4614-B2F9-CF06021C4736} = {CE11E71A-62B8-42CD-B820-D06C66C4A8F1}
		{1B187CFE-42F5-446F-832C-3D04EBD5D9C5} = {CE11E71A-62B8-42CD-B820-D06C66C4A8F1}
		{D8DC1773-A49D-42CD-B433-06A92FE4D1BD} = {CE11E71A-62B8-42CD-B820-D06C66C4A8F1}
		{7F63A8B1-9BAD-4BD1-8810-1892610BCEF0} = {CE11E71A-62B8-42CD-B820-D06C66C4A8F1}
		{78F12830-F8A3-4562-9763-B8DF39BBF546} = {CE11E71A-62B8-42CD-B820-D06C66C4A8F1}
		{AD95D195-7EF3-465D-B37F-9E00AC48EEF9} = {CE11E71A-62B8-42CD-B820-D06C66C4A8F1}
		{884CB36A-801F-454B-ABCA-A09BC7FE6E36} = {F4C312ED-559A-4E05-AF7B-82124FC0D54E}
		{97C485CE-7EDA-49A8-AB14-0F6253CF7227} = {F4C312ED-559A-4E05-AF7B-82124FC0D54E}
		{3248D7E4-45B3-4863-93A1-DBC351D7A97E} = {F4C312ED-559A-4E05-AF7B-82124FC0D54E}
		{7B9ACDEE-07B7-49F6-93D5-E2A9B4A5DB06} = {F4C312ED-559A-4E05-AF7B-82124FC0D54E}
		{1155FA1A-2BB6-42B2-B101-1FD72362A789} = {F4C312ED-559A-4E05-AF7B-82124FC0D54E}
		{DD048505-918B-43F9-A981-8B08018E56A2} = {F4C312ED-559A-4E05-AF7B-82124FC0D54E}
		{D1A1C8AB-B3F0-4CCC-818A-C14E418713AD} = {F4C312ED-559A-4E05-AF7B-82124FC0D54E}
		{40528311-9454-494E-8098-77BBB3E7727F} = {F4C312ED-559A-4E05-AF7B-82124FC0D54E}
		{0EFB5F88-BD86-4E3B-B26E-01481A074F92} = {F4C312ED-559A-4E05-AF7B-82124FC0D54E}
		{E7D31BF8-BB16-4070-B465-F85220B23E3D} = {F4C312ED-559A-4E05-AF7B-82124FC0D54E}
		{1BC0EE23-67EA-4D79-94A1-557CA9A53B71} = {F4C312ED-559A-4E05-AF7B-82124FC0D54E}
	EndGlobalSection
	GlobalSection(ExtensibilityGlobals) = postSolution
		SolutionGuid = {00A5E80B-16AD-4E4D-977D-0C810857F353}
	EndGlobalSection
EndGlobal
