
Microsoft Visual Studio Solution File, Format Version 12.00
# Visual Studio Version 16
VisualStudioVersion = 16.0.30621.155
MinimumVisualStudioVersion = 10.0.40219.1
Project("{8BC9CEB8-8B4A-11D0-8D11-00A0C91BC942}") = "Chapter3_8", "TBCpp_Practice\TBCpp_Practice.vcxproj", "{3EBB8FC0-4870-4DC5-8F6C-9C9C3F922D3F}"
EndProject
Project("{8BC9CEB8-8B4A-11D0-8D11-00A0C91BC942}") = "Chapter3_9", "Chapter3_9\Chapter3_9.vcxproj", "{189E8C49-5017-40D8-9D31-80C9BD7439FE}"
EndProject
Project("{8BC9CEB8-8B4A-11D0-8D11-00A0C91BC942}") = "Chapter4_1", "Chapter4_1\Chapter4_1.vcxproj", "{F7C7C4E0-EFD8-492E-8A5C-19AC76D7514C}"
EndProject
Project("{8BC9CEB8-8B4A-11D0-8D11-00A0C91BC942}") = "Chapter4_2", "Chapter4_2\Chapter4_2.vcxproj", "{7FA60A7E-FC44-4E69-BAFE-7E946EFF9F2D}"
EndProject
Project("{8BC9CEB8-8B4A-11D0-8D11-00A0C91BC942}") = "Chapter4_4", "Chapter4_4\Chapter4_4.vcxproj", "{033004EC-6819-4249-885C-55E72A9CA0EB}"
EndProject
Project("{8BC9CEB8-8B4A-11D0-8D11-00A0C91BC942}") = "Chapter4_5", "Chapter4_5\Chapter4_5.vcxproj", "{B3BA6F28-B88B-4FCF-BF7A-2349974B8984}"
EndProject
Project("{8BC9CEB8-8B4A-11D0-8D11-00A0C91BC942}") = "Chapter4_6", "Chapter4_6\Chapter4_6.vcxproj", "{54617E4A-2FE4-49D1-9CF9-0D3766C0B37E}"
EndProject
Project("{8BC9CEB8-8B4A-11D0-8D11-00A0C91BC942}") = "Chapter4_7", "Chapter4_7\Chapter4_7.vcxproj", "{F9624D02-9537-4F58-8849-07C26178E121}"
EndProject
Project("{8BC9CEB8-8B4A-11D0-8D11-00A0C91BC942}") = "Chapter4_8", "Chapter4_8\Chapter4_8.vcxproj", "{DAF6E9FF-343C-4CDD-89B7-3EFDB869FFED}"
EndProject
Project("{8BC9CEB8-8B4A-11D0-8D11-00A0C91BC942}") = "Chapter4_9", "Chapter4_9\Chapter4_9.vcxproj", "{C0143335-BD38-402A-9CCA-683B37A7CD27}"
EndProject
Project("{8BC9CEB8-8B4A-11D0-8D11-00A0C91BC942}") = "Chapter4_10", "Chapter4_10\Chapter4_10.vcxproj", "{A716F6D9-C968-4F34-B8EC-1ED1232C8201}"
EndProject
Project("{8BC9CEB8-8B4A-11D0-8D11-00A0C91BC942}") = "Chapter5_1", "Chapter5_1\Chapter5_1.vcxproj", "{7EA0D8D0-BEE1-4A73-88AE-E69E375D430E}"
EndProject
Project("{8BC9CEB8-8B4A-11D0-8D11-00A0C91BC942}") = "Chapter5_2", "Chapter5_2\Chapter5_2.vcxproj", "{ACA8773B-2DE1-443B-B7EE-2C8E31D3D36A}"
EndProject
Project("{8BC9CEB8-8B4A-11D0-8D11-00A0C91BC942}") = "Chapter5_10", "Chapter5_10\Chapter5_10.vcxproj", "{C8D086A8-DFC3-466F-8958-FC43FD0B14FA}"
EndProject
Project("{8BC9CEB8-8B4A-11D0-8D11-00A0C91BC942}") = "Chapter6_4", "Chapter6_4\Chapter6_4.vcxproj", "{59184245-C5BF-41E4-B44E-D2DA3B2C8B1A}"
EndProject
Project("{8BC9CEB8-8B4A-11D0-8D11-00A0C91BC942}") = "Chapter6_5", "Chapter6_5\Chapter6_5.vcxproj", "{F76F4395-AACA-43DF-8B06-F8B737249496}"
EndProject
Project("{8BC9CEB8-8B4A-11D0-8D11-00A0C91BC942}") = "Chapter6_6", "Chapter6_6\Chapter6_6.vcxproj", "{7D480CE1-FFED-4836-A854-E704F1ED8C86}"
EndProject
Project("{8BC9CEB8-8B4A-11D0-8D11-00A0C91BC942}") = "Chapter6_7", "Chapter6_7\Chapter6_7.vcxproj", "{F035C99A-8DAF-4722-A90E-A44AD777CC56}"
EndProject
Project("{8BC9CEB8-8B4A-11D0-8D11-00A0C91BC942}") = "Chapter6_8", "Chapter6_8\Chapter6_8.vcxproj", "{DBD1E54E-9EE6-4258-B7DD-ED2CB4171487}"
EndProject
Project("{8BC9CEB8-8B4A-11D0-8D11-00A0C91BC942}") = "Chapter6_9", "Chapter6_9\Chapter6_9.vcxproj", "{5BF95E8D-9C0B-4314-9467-83FC394564C1}"
EndProject
Project("{8BC9CEB8-8B4A-11D0-8D11-00A0C91BC942}") = "Chapter6_10", "Chapter6_10\Chapter6_10.vcxproj", "{34021E47-47EB-4BE5-9F03-876626C1BB5E}"
EndProject
Project("{8BC9CEB8-8B4A-11D0-8D11-00A0C91BC942}") = "Chapter6_11", "Chapter6_11\Chapter6_11.vcxproj", "{E82B939C-8ECC-4B8F-8B28-B89A43E0E159}"
EndProject
Project("{8BC9CEB8-8B4A-11D0-8D11-00A0C91BC942}") = "Chapter6_12", "Chapter6_12\Chapter6_12.vcxproj", "{215FF539-59C0-4614-B2F9-CF06021C4736}"
EndProject
Project("{8BC9CEB8-8B4A-11D0-8D11-00A0C91BC942}") = "Chapter6_13", "Chapter6_13\Chapter6_13.vcxproj", "{1B187CFE-42F5-446F-832C-3D04EBD5D9C5}"
EndProject
Global
	GlobalSection(SolutionConfigurationPlatforms) = preSolution
		Debug|x64 = Debug|x64
		Debug|x86 = Debug|x86
		Release|x64 = Release|x64
		Release|x86 = Release|x86
	EndGlobalSection
	GlobalSection(ProjectConfigurationPlatforms) = postSolution
		{3EBB8FC0-4870-4DC5-8F6C-9C9C3F922D3F}.Debug|x64.ActiveCfg = Debug|x64
		{3EBB8FC0-4870-4DC5-8F6C-9C9C3F922D3F}.Debug|x64.Build.0 = Debug|x64
		{3EBB8FC0-4870-4DC5-8F6C-9C9C3F922D3F}.Debug|x86.ActiveCfg = Debug|Win32
		{3EBB8FC0-4870-4DC5-8F6C-9C9C3F922D3F}.Debug|x86.Build.0 = Debug|Win32
		{3EBB8FC0-4870-4DC5-8F6C-9C9C3F922D3F}.Release|x64.ActiveCfg = Release|x64
		{3EBB8FC0-4870-4DC5-8F6C-9C9C3F922D3F}.Release|x64.Build.0 = Release|x64
		{3EBB8FC0-4870-4DC5-8F6C-9C9C3F922D3F}.Release|x86.ActiveCfg = Release|Win32
		{3EBB8FC0-4870-4DC5-8F6C-9C9C3F922D3F}.Release|x86.Build.0 = Release|Win32
		{189E8C49-5017-40D8-9D31-80C9BD7439FE}.Debug|x64.ActiveCfg = Debug|x64
		{189E8C49-5017-40D8-9D31-80C9BD7439FE}.Debug|x64.Build.0 = Debug|x64
		{189E8C49-5017-40D8-9D31-80C9BD7439FE}.Debug|x86.ActiveCfg = Debug|Win32
		{189E8C49-5017-40D8-9D31-80C9BD7439FE}.Debug|x86.Build.0 = Debug|Win32
		{189E8C49-5017-40D8-9D31-80C9BD7439FE}.Release|x64.ActiveCfg = Release|x64
		{189E8C49-5017-40D8-9D31-80C9BD7439FE}.Release|x64.Build.0 = Release|x64
		{189E8C49-5017-40D8-9D31-80C9BD7439FE}.Release|x86.ActiveCfg = Release|Win32
		{189E8C49-5017-40D8-9D31-80C9BD7439FE}.Release|x86.Build.0 = Release|Win32
		{F7C7C4E0-EFD8-492E-8A5C-19AC76D7514C}.Debug|x64.ActiveCfg = Debug|x64
		{F7C7C4E0-EFD8-492E-8A5C-19AC76D7514C}.Debug|x64.Build.0 = Debug|x64
		{F7C7C4E0-EFD8-492E-8A5C-19AC76D7514C}.Debug|x86.ActiveCfg = Debug|Win32
		{F7C7C4E0-EFD8-492E-8A5C-19AC76D7514C}.Debug|x86.Build.0 = Debug|Win32
		{F7C7C4E0-EFD8-492E-8A5C-19AC76D7514C}.Release|x64.ActiveCfg = Release|x64
		{F7C7C4E0-EFD8-492E-8A5C-19AC76D7514C}.Release|x64.Build.0 = Release|x64
		{F7C7C4E0-EFD8-492E-8A5C-19AC76D7514C}.Release|x86.ActiveCfg = Release|Win32
		{F7C7C4E0-EFD8-492E-8A5C-19AC76D7514C}.Release|x86.Build.0 = Release|Win32
		{7FA60A7E-FC44-4E69-BAFE-7E946EFF9F2D}.Debug|x64.ActiveCfg = Debug|x64
		{7FA60A7E-FC44-4E69-BAFE-7E946EFF9F2D}.Debug|x64.Build.0 = Debug|x64
		{7FA60A7E-FC44-4E69-BAFE-7E946EFF9F2D}.Debug|x86.ActiveCfg = Debug|Win32
		{7FA60A7E-FC44-4E69-BAFE-7E946EFF9F2D}.Debug|x86.Build.0 = Debug|Win32
		{7FA60A7E-FC44-4E69-BAFE-7E946EFF9F2D}.Release|x64.ActiveCfg = Release|x64
		{7FA60A7E-FC44-4E69-BAFE-7E946EFF9F2D}.Release|x64.Build.0 = Release|x64
		{7FA60A7E-FC44-4E69-BAFE-7E946EFF9F2D}.Release|x86.ActiveCfg = Release|Win32
		{7FA60A7E-FC44-4E69-BAFE-7E946EFF9F2D}.Release|x86.Build.0 = Release|Win32
		{033004EC-6819-4249-885C-55E72A9CA0EB}.Debug|x64.ActiveCfg = Debug|x64
		{033004EC-6819-4249-885C-55E72A9CA0EB}.Debug|x64.Build.0 = Debug|x64
		{033004EC-6819-4249-885C-55E72A9CA0EB}.Debug|x86.ActiveCfg = Debug|Win32
		{033004EC-6819-4249-885C-55E72A9CA0EB}.Debug|x86.Build.0 = Debug|Win32
		{033004EC-6819-4249-885C-55E72A9CA0EB}.Release|x64.ActiveCfg = Release|x64
		{033004EC-6819-4249-885C-55E72A9CA0EB}.Release|x64.Build.0 = Release|x64
		{033004EC-6819-4249-885C-55E72A9CA0EB}.Release|x86.ActiveCfg = Release|Win32
		{033004EC-6819-4249-885C-55E72A9CA0EB}.Release|x86.Build.0 = Release|Win32
		{B3BA6F28-B88B-4FCF-BF7A-2349974B8984}.Debug|x64.ActiveCfg = Debug|x64
		{B3BA6F28-B88B-4FCF-BF7A-2349974B8984}.Debug|x64.Build.0 = Debug|x64
		{B3BA6F28-B88B-4FCF-BF7A-2349974B8984}.Debug|x86.ActiveCfg = Debug|Win32
		{B3BA6F28-B88B-4FCF-BF7A-2349974B8984}.Debug|x86.Build.0 = Debug|Win32
		{B3BA6F28-B88B-4FCF-BF7A-2349974B8984}.Release|x64.ActiveCfg = Release|x64
		{B3BA6F28-B88B-4FCF-BF7A-2349974B8984}.Release|x64.Build.0 = Release|x64
		{B3BA6F28-B88B-4FCF-BF7A-2349974B8984}.Release|x86.ActiveCfg = Release|Win32
		{B3BA6F28-B88B-4FCF-BF7A-2349974B8984}.Release|x86.Build.0 = Release|Win32
		{54617E4A-2FE4-49D1-9CF9-0D3766C0B37E}.Debug|x64.ActiveCfg = Debug|x64
		{54617E4A-2FE4-49D1-9CF9-0D3766C0B37E}.Debug|x64.Build.0 = Debug|x64
		{54617E4A-2FE4-49D1-9CF9-0D3766C0B37E}.Debug|x86.ActiveCfg = Debug|Win32
		{54617E4A-2FE4-49D1-9CF9-0D3766C0B37E}.Debug|x86.Build.0 = Debug|Win32
		{54617E4A-2FE4-49D1-9CF9-0D3766C0B37E}.Release|x64.ActiveCfg = Release|x64
		{54617E4A-2FE4-49D1-9CF9-0D3766C0B37E}.Release|x64.Build.0 = Release|x64
		{54617E4A-2FE4-49D1-9CF9-0D3766C0B37E}.Release|x86.ActiveCfg = Release|Win32
		{54617E4A-2FE4-49D1-9CF9-0D3766C0B37E}.Release|x86.Build.0 = Release|Win32
		{F9624D02-9537-4F58-8849-07C26178E121}.Debug|x64.ActiveCfg = Debug|x64
		{F9624D02-9537-4F58-8849-07C26178E121}.Debug|x64.Build.0 = Debug|x64
		{F9624D02-9537-4F58-8849-07C26178E121}.Debug|x86.ActiveCfg = Debug|Win32
		{F9624D02-9537-4F58-8849-07C26178E121}.Debug|x86.Build.0 = Debug|Win32
		{F9624D02-9537-4F58-8849-07C26178E121}.Release|x64.ActiveCfg = Release|x64
		{F9624D02-9537-4F58-8849-07C26178E121}.Release|x64.Build.0 = Release|x64
		{F9624D02-9537-4F58-8849-07C26178E121}.Release|x86.ActiveCfg = Release|Win32
		{F9624D02-9537-4F58-8849-07C26178E121}.Release|x86.Build.0 = Release|Win32
		{DAF6E9FF-343C-4CDD-89B7-3EFDB869FFED}.Debug|x64.ActiveCfg = Debug|x64
		{DAF6E9FF-343C-4CDD-89B7-3EFDB869FFED}.Debug|x64.Build.0 = Debug|x64
		{DAF6E9FF-343C-4CDD-89B7-3EFDB869FFED}.Debug|x86.ActiveCfg = Debug|Win32
		{DAF6E9FF-343C-4CDD-89B7-3EFDB869FFED}.Debug|x86.Build.0 = Debug|Win32
		{DAF6E9FF-343C-4CDD-89B7-3EFDB869FFED}.Release|x64.ActiveCfg = Release|x64
		{DAF6E9FF-343C-4CDD-89B7-3EFDB869FFED}.Release|x64.Build.0 = Release|x64
		{DAF6E9FF-343C-4CDD-89B7-3EFDB869FFED}.Release|x86.ActiveCfg = Release|Win32
		{DAF6E9FF-343C-4CDD-89B7-3EFDB869FFED}.Release|x86.Build.0 = Release|Win32
		{C0143335-BD38-402A-9CCA-683B37A7CD27}.Debug|x64.ActiveCfg = Debug|x64
		{C0143335-BD38-402A-9CCA-683B37A7CD27}.Debug|x64.Build.0 = Debug|x64
		{C0143335-BD38-402A-9CCA-683B37A7CD27}.Debug|x86.ActiveCfg = Debug|Win32
		{C0143335-BD38-402A-9CCA-683B37A7CD27}.Debug|x86.Build.0 = Debug|Win32
		{C0143335-BD38-402A-9CCA-683B37A7CD27}.Release|x64.ActiveCfg = Release|x64
		{C0143335-BD38-402A-9CCA-683B37A7CD27}.Release|x64.Build.0 = Release|x64
		{C0143335-BD38-402A-9CCA-683B37A7CD27}.Release|x86.ActiveCfg = Release|Win32
		{C0143335-BD38-402A-9CCA-683B37A7CD27}.Release|x86.Build.0 = Release|Win32
		{A716F6D9-C968-4F34-B8EC-1ED1232C8201}.Debug|x64.ActiveCfg = Debug|x64
		{A716F6D9-C968-4F34-B8EC-1ED1232C8201}.Debug|x64.Build.0 = Debug|x64
		{A716F6D9-C968-4F34-B8EC-1ED1232C8201}.Debug|x86.ActiveCfg = Debug|Win32
		{A716F6D9-C968-4F34-B8EC-1ED1232C8201}.Debug|x86.Build.0 = Debug|Win32
		{A716F6D9-C968-4F34-B8EC-1ED1232C8201}.Release|x64.ActiveCfg = Release|x64
		{A716F6D9-C968-4F34-B8EC-1ED1232C8201}.Release|x64.Build.0 = Release|x64
		{A716F6D9-C968-4F34-B8EC-1ED1232C8201}.Release|x86.ActiveCfg = Release|Win32
		{A716F6D9-C968-4F34-B8EC-1ED1232C8201}.Release|x86.Build.0 = Release|Win32
		{7EA0D8D0-BEE1-4A73-88AE-E69E375D430E}.Debug|x64.ActiveCfg = Debug|x64
		{7EA0D8D0-BEE1-4A73-88AE-E69E375D430E}.Debug|x64.Build.0 = Debug|x64
		{7EA0D8D0-BEE1-4A73-88AE-E69E375D430E}.Debug|x86.ActiveCfg = Debug|Win32
		{7EA0D8D0-BEE1-4A73-88AE-E69E375D430E}.Debug|x86.Build.0 = Debug|Win32
		{7EA0D8D0-BEE1-4A73-88AE-E69E375D430E}.Release|x64.ActiveCfg = Release|x64
		{7EA0D8D0-BEE1-4A73-88AE-E69E375D430E}.Release|x64.Build.0 = Release|x64
		{7EA0D8D0-BEE1-4A73-88AE-E69E375D430E}.Release|x86.ActiveCfg = Release|Win32
		{7EA0D8D0-BEE1-4A73-88AE-E69E375D430E}.Release|x86.Build.0 = Release|Win32
		{ACA8773B-2DE1-443B-B7EE-2C8E31D3D36A}.Debug|x64.ActiveCfg = Debug|x64
		{ACA8773B-2DE1-443B-B7EE-2C8E31D3D36A}.Debug|x64.Build.0 = Debug|x64
		{ACA8773B-2DE1-443B-B7EE-2C8E31D3D36A}.Debug|x86.ActiveCfg = Debug|Win32
		{ACA8773B-2DE1-443B-B7EE-2C8E31D3D36A}.Debug|x86.Build.0 = Debug|Win32
		{ACA8773B-2DE1-443B-B7EE-2C8E31D3D36A}.Release|x64.ActiveCfg = Release|x64
		{ACA8773B-2DE1-443B-B7EE-2C8E31D3D36A}.Release|x64.Build.0 = Release|x64
		{ACA8773B-2DE1-443B-B7EE-2C8E31D3D36A}.Release|x86.ActiveCfg = Release|Win32
		{ACA8773B-2DE1-443B-B7EE-2C8E31D3D36A}.Release|x86.Build.0 = Release|Win32
		{C8D086A8-DFC3-466F-8958-FC43FD0B14FA}.Debug|x64.ActiveCfg = Debug|x64
		{C8D086A8-DFC3-466F-8958-FC43FD0B14FA}.Debug|x64.Build.0 = Debug|x64
		{C8D086A8-DFC3-466F-8958-FC43FD0B14FA}.Debug|x86.ActiveCfg = Debug|Win32
		{C8D086A8-DFC3-466F-8958-FC43FD0B14FA}.Debug|x86.Build.0 = Debug|Win32
		{C8D086A8-DFC3-466F-8958-FC43FD0B14FA}.Release|x64.ActiveCfg = Release|x64
		{C8D086A8-DFC3-466F-8958-FC43FD0B14FA}.Release|x64.Build.0 = Release|x64
		{C8D086A8-DFC3-466F-8958-FC43FD0B14FA}.Release|x86.ActiveCfg = Release|Win32
		{C8D086A8-DFC3-466F-8958-FC43FD0B14FA}.Release|x86.Build.0 = Release|Win32
		{59184245-C5BF-41E4-B44E-D2DA3B2C8B1A}.Debug|x64.ActiveCfg = Debug|x64
		{59184245-C5BF-41E4-B44E-D2DA3B2C8B1A}.Debug|x64.Build.0 = Debug|x64
		{59184245-C5BF-41E4-B44E-D2DA3B2C8B1A}.Debug|x86.ActiveCfg = Debug|Win32
		{59184245-C5BF-41E4-B44E-D2DA3B2C8B1A}.Debug|x86.Build.0 = Debug|Win32
		{59184245-C5BF-41E4-B44E-D2DA3B2C8B1A}.Release|x64.ActiveCfg = Release|x64
		{59184245-C5BF-41E4-B44E-D2DA3B2C8B1A}.Release|x64.Build.0 = Release|x64
		{59184245-C5BF-41E4-B44E-D2DA3B2C8B1A}.Release|x86.ActiveCfg = Release|Win32
		{59184245-C5BF-41E4-B44E-D2DA3B2C8B1A}.Release|x86.Build.0 = Release|Win32
		{F76F4395-AACA-43DF-8B06-F8B737249496}.Debug|x64.ActiveCfg = Debug|x64
		{F76F4395-AACA-43DF-8B06-F8B737249496}.Debug|x64.Build.0 = Debug|x64
		{F76F4395-AACA-43DF-8B06-F8B737249496}.Debug|x86.ActiveCfg = Debug|Win32
		{F76F4395-AACA-43DF-8B06-F8B737249496}.Debug|x86.Build.0 = Debug|Win32
		{F76F4395-AACA-43DF-8B06-F8B737249496}.Release|x64.ActiveCfg = Release|x64
		{F76F4395-AACA-43DF-8B06-F8B737249496}.Release|x64.Build.0 = Release|x64
		{F76F4395-AACA-43DF-8B06-F8B737249496}.Release|x86.ActiveCfg = Release|Win32
		{F76F4395-AACA-43DF-8B06-F8B737249496}.Release|x86.Build.0 = Release|Win32
		{7D480CE1-FFED-4836-A854-E704F1ED8C86}.Debug|x64.ActiveCfg = Debug|x64
		{7D480CE1-FFED-4836-A854-E704F1ED8C86}.Debug|x64.Build.0 = Debug|x64
		{7D480CE1-FFED-4836-A854-E704F1ED8C86}.Debug|x86.ActiveCfg = Debug|Win32
		{7D480CE1-FFED-4836-A854-E704F1ED8C86}.Debug|x86.Build.0 = Debug|Win32
		{7D480CE1-FFED-4836-A854-E704F1ED8C86}.Release|x64.ActiveCfg = Release|x64
		{7D480CE1-FFED-4836-A854-E704F1ED8C86}.Release|x64.Build.0 = Release|x64
		{7D480CE1-FFED-4836-A854-E704F1ED8C86}.Release|x86.ActiveCfg = Release|Win32
		{7D480CE1-FFED-4836-A854-E704F1ED8C86}.Release|x86.Build.0 = Release|Win32
		{F035C99A-8DAF-4722-A90E-A44AD777CC56}.Debug|x64.ActiveCfg = Debug|x64
		{F035C99A-8DAF-4722-A90E-A44AD777CC56}.Debug|x64.Build.0 = Debug|x64
		{F035C99A-8DAF-4722-A90E-A44AD777CC56}.Debug|x86.ActiveCfg = Debug|Win32
		{F035C99A-8DAF-4722-A90E-A44AD777CC56}.Debug|x86.Build.0 = Debug|Win32
		{F035C99A-8DAF-4722-A90E-A44AD777CC56}.Release|x64.ActiveCfg = Release|x64
		{F035C99A-8DAF-4722-A90E-A44AD777CC56}.Release|x64.Build.0 = Release|x64
		{F035C99A-8DAF-4722-A90E-A44AD777CC56}.Release|x86.ActiveCfg = Release|Win32
		{F035C99A-8DAF-4722-A90E-A44AD777CC56}.Release|x86.Build.0 = Release|Win32
		{DBD1E54E-9EE6-4258-B7DD-ED2CB4171487}.Debug|x64.ActiveCfg = Debug|x64
		{DBD1E54E-9EE6-4258-B7DD-ED2CB4171487}.Debug|x64.Build.0 = Debug|x64
		{DBD1E54E-9EE6-4258-B7DD-ED2CB4171487}.Debug|x86.ActiveCfg = Debug|Win32
		{DBD1E54E-9EE6-4258-B7DD-ED2CB4171487}.Debug|x86.Build.0 = Debug|Win32
		{DBD1E54E-9EE6-4258-B7DD-ED2CB4171487}.Release|x64.ActiveCfg = Release|x64
		{DBD1E54E-9EE6-4258-B7DD-ED2CB4171487}.Release|x64.Build.0 = Release|x64
		{DBD1E54E-9EE6-4258-B7DD-ED2CB4171487}.Release|x86.ActiveCfg = Release|Win32
		{DBD1E54E-9EE6-4258-B7DD-ED2CB4171487}.Release|x86.Build.0 = Release|Win32
		{5BF95E8D-9C0B-4314-9467-83FC394564C1}.Debug|x64.ActiveCfg = Debug|x64
		{5BF95E8D-9C0B-4314-9467-83FC394564C1}.Debug|x64.Build.0 = Debug|x64
		{5BF95E8D-9C0B-4314-9467-83FC394564C1}.Debug|x86.ActiveCfg = Debug|Win32
		{5BF95E8D-9C0B-4314-9467-83FC394564C1}.Debug|x86.Build.0 = Debug|Win32
		{5BF95E8D-9C0B-4314-9467-83FC394564C1}.Release|x64.ActiveCfg = Release|x64
		{5BF95E8D-9C0B-4314-9467-83FC394564C1}.Release|x64.Build.0 = Release|x64
		{5BF95E8D-9C0B-4314-9467-83FC394564C1}.Release|x86.ActiveCfg = Release|Win32
		{5BF95E8D-9C0B-4314-9467-83FC394564C1}.Release|x86.Build.0 = Release|Win32
		{34021E47-47EB-4BE5-9F03-876626C1BB5E}.Debug|x64.ActiveCfg = Debug|x64
		{34021E47-47EB-4BE5-9F03-876626C1BB5E}.Debug|x64.Build.0 = Debug|x64
		{34021E47-47EB-4BE5-9F03-876626C1BB5E}.Debug|x86.ActiveCfg = Debug|Win32
		{34021E47-47EB-4BE5-9F03-876626C1BB5E}.Debug|x86.Build.0 = Debug|Win32
		{34021E47-47EB-4BE5-9F03-876626C1BB5E}.Release|x64.ActiveCfg = Release|x64
		{34021E47-47EB-4BE5-9F03-876626C1BB5E}.Release|x64.Build.0 = Release|x64
		{34021E47-47EB-4BE5-9F03-876626C1BB5E}.Release|x86.ActiveCfg = Release|Win32
		{34021E47-47EB-4BE5-9F03-876626C1BB5E}.Release|x86.Build.0 = Release|Win32
		{E82B939C-8ECC-4B8F-8B28-B89A43E0E159}.Debug|x64.ActiveCfg = Debug|x64
		{E82B939C-8ECC-4B8F-8B28-B89A43E0E159}.Debug|x64.Build.0 = Debug|x64
		{E82B939C-8ECC-4B8F-8B28-B89A43E0E159}.Debug|x86.ActiveCfg = Debug|Win32
		{E82B939C-8ECC-4B8F-8B28-B89A43E0E159}.Debug|x86.Build.0 = Debug|Win32
		{E82B939C-8ECC-4B8F-8B28-B89A43E0E159}.Release|x64.ActiveCfg = Release|x64
		{E82B939C-8ECC-4B8F-8B28-B89A43E0E159}.Release|x64.Build.0 = Release|x64
		{E82B939C-8ECC-4B8F-8B28-B89A43E0E159}.Release|x86.ActiveCfg = Release|Win32
		{E82B939C-8ECC-4B8F-8B28-B89A43E0E159}.Release|x86.Build.0 = Release|Win32
		{215FF539-59C0-4614-B2F9-CF06021C4736}.Debug|x64.ActiveCfg = Debug|x64
		{215FF539-59C0-4614-B2F9-CF06021C4736}.Debug|x64.Build.0 = Debug|x64
		{215FF539-59C0-4614-B2F9-CF06021C4736}.Debug|x86.ActiveCfg = Debug|Win32
		{215FF539-59C0-4614-B2F9-CF06021C4736}.Debug|x86.Build.0 = Debug|Win32
		{215FF539-59C0-4614-B2F9-CF06021C4736}.Release|x64.ActiveCfg = Release|x64
		{215FF539-59C0-4614-B2F9-CF06021C4736}.Release|x64.Build.0 = Release|x64
		{215FF539-59C0-4614-B2F9-CF06021C4736}.Release|x86.ActiveCfg = Release|Win32
		{215FF539-59C0-4614-B2F9-CF06021C4736}.Release|x86.Build.0 = Release|Win32
		{1B187CFE-42F5-446F-832C-3D04EBD5D9C5}.Debug|x64.ActiveCfg = Debug|x64
		{1B187CFE-42F5-446F-832C-3D04EBD5D9C5}.Debug|x64.Build.0 = Debug|x64
		{1B187CFE-42F5-446F-832C-3D04EBD5D9C5}.Debug|x86.ActiveCfg = Debug|Win32
		{1B187CFE-42F5-446F-832C-3D04EBD5D9C5}.Debug|x86.Build.0 = Debug|Win32
		{1B187CFE-42F5-446F-832C-3D04EBD5D9C5}.Release|x64.ActiveCfg = Release|x64
		{1B187CFE-42F5-446F-832C-3D04EBD5D9C5}.Release|x64.Build.0 = Release|x64
		{1B187CFE-42F5-446F-832C-3D04EBD5D9C5}.Release|x86.ActiveCfg = Release|Win32
		{1B187CFE-42F5-446F-832C-3D04EBD5D9C5}.Release|x86.Build.0 = Release|Win32
	EndGlobalSection
	GlobalSection(SolutionProperties) = preSolution
		HideSolutionNode = FALSE
	EndGlobalSection
	GlobalSection(ExtensibilityGlobals) = postSolution
		SolutionGuid = {00A5E80B-16AD-4E4D-977D-0C810857F353}
	EndGlobalSection
EndGlobal
